
Microsoft Visual Studio Solution File, Format Version 12.00
# Visual Studio 15
VisualStudioVersion = 15.0.28307.902
MinimumVisualStudioVersion = 10.0.40219.1
Project("{8BC9CEB8-8B4A-11D0-8D11-00A0C91BC942}") = "ConsoleApplication3", "ConsoleApplication3\ConsoleApplication3.vcxproj", "{B35DCACE-347E-4E14-AC48-423B14635A96}"
EndProject
Global
	GlobalSection(SolutionConfigurationPlatforms) = preSolution
		Debug|x64 = Debug|x64
		Debug|x86 = Debug|x86
		Release|x64 = Release|x64
		Release|x86 = Release|x86
	EndGlobalSection
	GlobalSection(ProjectConfigurationPlatforms) = postSolution
		{B35DCACE-347E-4E14-AC48-423B14635A96}.Debug|x64.ActiveCfg = Debug|x64
		{B35DCACE-347E-4E14-AC48-423B14635A96}.Debug|x64.Build.0 = Debug|x64
		{B35DCACE-347E-4E14-AC48-423B14635A96}.Debug|x86.ActiveCfg = Debug|Win32
		{B35DCACE-347E-4E14-AC48-423B14635A96}.Debug|x86.Build.0 = Debug|Win32
		{B35DCACE-347E-4E14-AC48-423B14635A96}.Release|x64.ActiveCfg = Release|x64
		{B35DCACE-347E-4E14-AC48-423B14635A96}.Release|x64.Build.0 = Release|x64
		{B35DCACE-347E-4E14-AC48-423B14635A96}.Release|x86.ActiveCfg = Release|Win32
		{B35DCACE-347E-4E14-AC48-423B14635A96}.Release|x86.Build.0 = Release|Win32
	EndGlobalSection
	GlobalSection(SolutionProperties) = preSolution
		HideSolutionNode = FALSE
	EndGlobalSection
	GlobalSection(ExtensibilityGlobals) = postSolution
		SolutionGuid = {A12FDA8A-A8FA-406A-A190-8078038404F1}
	EndGlobalSection
EndGlobal
